// !$*UTF8*$!
{
	archiveVersion = 1;
	classes = {
	};
	objectVersion = 46;
	objects = {

/* Begin PBXBuildFile section */
		416909F918FCA0BF007A9A59 /* LoginViewController.m in Sources */ = {isa = PBXBuildFile; fileRef = 416909F818FCA0BF007A9A59 /* LoginViewController.m */; };
		41918A0418FC954100A4616C /* Foundation.framework in Frameworks */ = {isa = PBXBuildFile; fileRef = 41918A0318FC954100A4616C /* Foundation.framework */; };
		41918A0618FC954100A4616C /* CoreGraphics.framework in Frameworks */ = {isa = PBXBuildFile; fileRef = 41918A0518FC954100A4616C /* CoreGraphics.framework */; };
		41918A0818FC954100A4616C /* UIKit.framework in Frameworks */ = {isa = PBXBuildFile; fileRef = 41918A0718FC954100A4616C /* UIKit.framework */; };
		41918A0E18FC954100A4616C /* InfoPlist.strings in Resources */ = {isa = PBXBuildFile; fileRef = 41918A0C18FC954100A4616C /* InfoPlist.strings */; };
		41918A1018FC954100A4616C /* main.m in Sources */ = {isa = PBXBuildFile; fileRef = 41918A0F18FC954100A4616C /* main.m */; };
		41918A1418FC954100A4616C /* AppDelegate.m in Sources */ = {isa = PBXBuildFile; fileRef = 41918A1318FC954100A4616C /* AppDelegate.m */; };
		41918A1718FC954100A4616C /* Main.storyboard in Resources */ = {isa = PBXBuildFile; fileRef = 41918A1518FC954100A4616C /* Main.storyboard */; };
		41918A1A18FC954100A4616C /* ViewController.m in Sources */ = {isa = PBXBuildFile; fileRef = 41918A1918FC954100A4616C /* ViewController.m */; };
		41918A1C18FC954100A4616C /* Images.xcassets in Resources */ = {isa = PBXBuildFile; fileRef = 41918A1B18FC954100A4616C /* Images.xcassets */; };
		41918A2318FC954100A4616C /* XCTest.framework in Frameworks */ = {isa = PBXBuildFile; fileRef = 41918A2218FC954100A4616C /* XCTest.framework */; };
		41918A2418FC954100A4616C /* Foundation.framework in Frameworks */ = {isa = PBXBuildFile; fileRef = 41918A0318FC954100A4616C /* Foundation.framework */; };
		41918A2518FC954100A4616C /* UIKit.framework in Frameworks */ = {isa = PBXBuildFile; fileRef = 41918A0718FC954100A4616C /* UIKit.framework */; };
		41918A2D18FC954100A4616C /* InfoPlist.strings in Resources */ = {isa = PBXBuildFile; fileRef = 41918A2B18FC954100A4616C /* InfoPlist.strings */; };
		41918A2F18FC954100A4616C /* Trip_InChicagoTests.m in Sources */ = {isa = PBXBuildFile; fileRef = 41918A2E18FC954100A4616C /* Trip_InChicagoTests.m */; };
		41918A3A18FC96F600A4616C /* SectionViewController.m in Sources */ = {isa = PBXBuildFile; fileRef = 41918A3918FC96F600A4616C /* SectionViewController.m */; };
		41918A3D18FC97AC00A4616C /* MapViewController.m in Sources */ = {isa = PBXBuildFile; fileRef = 41918A3C18FC97AC00A4616C /* MapViewController.m */; };
		41918A3F18FC97F600A4616C /* MapKit.framework in Frameworks */ = {isa = PBXBuildFile; fileRef = 41918A3E18FC97F600A4616C /* MapKit.framework */; };
		41918A4218FC984B00A4616C /* PicsAndReviewsViewController.m in Sources */ = {isa = PBXBuildFile; fileRef = 41918A4118FC984B00A4616C /* PicsAndReviewsViewController.m */; };
		41918A4418FC9B9700A4616C /* Parse.framework in Frameworks */ = {isa = PBXBuildFile; fileRef = 41918A4318FC9B9700A4616C /* Parse.framework */; };
		41918A4618FC9C1700A4616C /* AudioToolbox.framework in Frameworks */ = {isa = PBXBuildFile; fileRef = 41918A4518FC9C1700A4616C /* AudioToolbox.framework */; };
		41918A4818FC9C2100A4616C /* CFNetwork.framework in Frameworks */ = {isa = PBXBuildFile; fileRef = 41918A4718FC9C2100A4616C /* CFNetwork.framework */; };
		41918A4A18FC9C3100A4616C /* CoreLocation.framework in Frameworks */ = {isa = PBXBuildFile; fileRef = 41918A4918FC9C3100A4616C /* CoreLocation.framework */; };
		41918A4C18FC9C3900A4616C /* libz.dylib in Frameworks */ = {isa = PBXBuildFile; fileRef = 41918A4B18FC9C3900A4616C /* libz.dylib */; };
		41918A4E18FC9C4300A4616C /* MobileCoreServices.framework in Frameworks */ = {isa = PBXBuildFile; fileRef = 41918A4D18FC9C4300A4616C /* MobileCoreServices.framework */; };
		41918A5018FC9C4B00A4616C /* QuartzCore.framework in Frameworks */ = {isa = PBXBuildFile; fileRef = 41918A4F18FC9C4B00A4616C /* QuartzCore.framework */; };
		41918A5218FC9C5300A4616C /* Security.framework in Frameworks */ = {isa = PBXBuildFile; fileRef = 41918A5118FC9C5300A4616C /* Security.framework */; };
		41918A5418FC9C5C00A4616C /* StoreKit.framework in Frameworks */ = {isa = PBXBuildFile; fileRef = 41918A5318FC9C5C00A4616C /* StoreKit.framework */; };
		41918A5618FC9C6500A4616C /* SystemConfiguration.framework in Frameworks */ = {isa = PBXBuildFile; fileRef = 41918A5518FC9C6500A4616C /* SystemConfiguration.framework */; };
		41918A5818FC9C6C00A4616C /* Accounts.framework in Frameworks */ = {isa = PBXBuildFile; fileRef = 41918A5718FC9C6C00A4616C /* Accounts.framework */; };
		41918A5A18FC9C7200A4616C /* Twitter.framework in Frameworks */ = {isa = PBXBuildFile; fileRef = 41918A5918FC9C7200A4616C /* Twitter.framework */; };
		41918A5C18FC9C7800A4616C /* Social.framework in Frameworks */ = {isa = PBXBuildFile; fileRef = 41918A5B18FC9C7800A4616C /* Social.framework */; };
		41A136B7190308950058AF39 /* Location.m in Sources */ = {isa = PBXBuildFile; fileRef = 41A136B6190308950058AF39 /* Location.m */; };
		41C2BB6D19072442003D1062 /* FacebookSDK.framework in Frameworks */ = {isa = PBXBuildFile; fileRef = 41C2BB6C19072442003D1062 /* FacebookSDK.framework */; };
		41F98E221906B99000B15F9F /* ChoiceViewController.m in Sources */ = {isa = PBXBuildFile; fileRef = 41F98E211906B99000B15F9F /* ChoiceViewController.m */; };
		41F98E281906D2B300B15F9F /* NotesViewController.m in Sources */ = {isa = PBXBuildFile; fileRef = 41F98E271906D2B300B15F9F /* NotesViewController.m */; };
		6F5B4E8618FDF7F100E495BA /* TemperatureChecker.m in Sources */ = {isa = PBXBuildFile; fileRef = 6F5B4E8518FDF7F100E495BA /* TemperatureChecker.m */; };
		6FFC39EE1905E05A00DB2ECC /* RouteMapViewController.m in Sources */ = {isa = PBXBuildFile; fileRef = 6FFC39ED1905E05A00DB2ECC /* RouteMapViewController.m */; };
		D042717219058E3600796C36 /* ConciergeViewController.m in Sources */ = {isa = PBXBuildFile; fileRef = D042717119058E3600796C36 /* ConciergeViewController.m */; };
		D06FC61518FCC5260048FEE0 /* Parse.framework in Frameworks */ = {isa = PBXBuildFile; fileRef = D06FC61418FCC5260048FEE0 /* Parse.framework */; };
		D06FC61818FD82EC0048FEE0 /* MapPoint.m in Sources */ = {isa = PBXBuildFile; fileRef = D06FC61718FD82EC0048FEE0 /* MapPoint.m */; };
/* End PBXBuildFile section */

/* Begin PBXContainerItemProxy section */
		41918A2618FC954100A4616C /* PBXContainerItemProxy */ = {
			isa = PBXContainerItemProxy;
			containerPortal = 419189F818FC954100A4616C /* Project object */;
			proxyType = 1;
			remoteGlobalIDString = 419189FF18FC954100A4616C;
			remoteInfo = "Trip'InChicago";
		};
/* End PBXContainerItemProxy section */

/* Begin PBXFileReference section */
		416909F718FCA0BF007A9A59 /* LoginViewController.h */ = {isa = PBXFileReference; fileEncoding = 4; lastKnownFileType = sourcecode.c.h; path = LoginViewController.h; sourceTree = "<group>"; };
		416909F818FCA0BF007A9A59 /* LoginViewController.m */ = {isa = PBXFileReference; fileEncoding = 4; lastKnownFileType = sourcecode.c.objc; path = LoginViewController.m; sourceTree = "<group>"; };
		41918A0018FC954100A4616C /* Trip'InChicago.app */ = {isa = PBXFileReference; explicitFileType = wrapper.application; includeInIndex = 0; path = "Trip'InChicago.app"; sourceTree = BUILT_PRODUCTS_DIR; };
		41918A0318FC954100A4616C /* Foundation.framework */ = {isa = PBXFileReference; lastKnownFileType = wrapper.framework; name = Foundation.framework; path = System/Library/Frameworks/Foundation.framework; sourceTree = SDKROOT; };
		41918A0518FC954100A4616C /* CoreGraphics.framework */ = {isa = PBXFileReference; lastKnownFileType = wrapper.framework; name = CoreGraphics.framework; path = System/Library/Frameworks/CoreGraphics.framework; sourceTree = SDKROOT; };
		41918A0718FC954100A4616C /* UIKit.framework */ = {isa = PBXFileReference; lastKnownFileType = wrapper.framework; name = UIKit.framework; path = System/Library/Frameworks/UIKit.framework; sourceTree = SDKROOT; };
		41918A0B18FC954100A4616C /* Trip'InChicago-Info.plist */ = {isa = PBXFileReference; lastKnownFileType = text.plist.xml; path = "Trip'InChicago-Info.plist"; sourceTree = "<group>"; };
		41918A0D18FC954100A4616C /* en */ = {isa = PBXFileReference; lastKnownFileType = text.plist.strings; name = en; path = en.lproj/InfoPlist.strings; sourceTree = "<group>"; };
		41918A0F18FC954100A4616C /* main.m */ = {isa = PBXFileReference; lastKnownFileType = sourcecode.c.objc; path = main.m; sourceTree = "<group>"; };
		41918A1118FC954100A4616C /* Trip'InChicago-Prefix.pch */ = {isa = PBXFileReference; lastKnownFileType = sourcecode.c.h; path = "Trip'InChicago-Prefix.pch"; sourceTree = "<group>"; };
		41918A1218FC954100A4616C /* AppDelegate.h */ = {isa = PBXFileReference; lastKnownFileType = sourcecode.c.h; path = AppDelegate.h; sourceTree = "<group>"; };
		41918A1318FC954100A4616C /* AppDelegate.m */ = {isa = PBXFileReference; lastKnownFileType = sourcecode.c.objc; path = AppDelegate.m; sourceTree = "<group>"; };
		41918A1618FC954100A4616C /* Base */ = {isa = PBXFileReference; lastKnownFileType = file.storyboard; name = Base; path = Base.lproj/Main.storyboard; sourceTree = "<group>"; };
		41918A1818FC954100A4616C /* ViewController.h */ = {isa = PBXFileReference; lastKnownFileType = sourcecode.c.h; path = ViewController.h; sourceTree = "<group>"; };
		41918A1918FC954100A4616C /* ViewController.m */ = {isa = PBXFileReference; lastKnownFileType = sourcecode.c.objc; path = ViewController.m; sourceTree = "<group>"; };
		41918A1B18FC954100A4616C /* Images.xcassets */ = {isa = PBXFileReference; lastKnownFileType = folder.assetcatalog; path = Images.xcassets; sourceTree = "<group>"; };
		41918A2118FC954100A4616C /* Trip'InChicagoTests.xctest */ = {isa = PBXFileReference; explicitFileType = wrapper.cfbundle; includeInIndex = 0; path = "Trip'InChicagoTests.xctest"; sourceTree = BUILT_PRODUCTS_DIR; };
		41918A2218FC954100A4616C /* XCTest.framework */ = {isa = PBXFileReference; lastKnownFileType = wrapper.framework; name = XCTest.framework; path = Library/Frameworks/XCTest.framework; sourceTree = DEVELOPER_DIR; };
		41918A2A18FC954100A4616C /* Trip'InChicagoTests-Info.plist */ = {isa = PBXFileReference; lastKnownFileType = text.plist.xml; path = "Trip'InChicagoTests-Info.plist"; sourceTree = "<group>"; };
		41918A2C18FC954100A4616C /* en */ = {isa = PBXFileReference; lastKnownFileType = text.plist.strings; name = en; path = en.lproj/InfoPlist.strings; sourceTree = "<group>"; };
		41918A2E18FC954100A4616C /* Trip_InChicagoTests.m */ = {isa = PBXFileReference; lastKnownFileType = sourcecode.c.objc; path = Trip_InChicagoTests.m; sourceTree = "<group>"; };
		41918A3818FC96F600A4616C /* SectionViewController.h */ = {isa = PBXFileReference; fileEncoding = 4; lastKnownFileType = sourcecode.c.h; path = SectionViewController.h; sourceTree = "<group>"; };
		41918A3918FC96F600A4616C /* SectionViewController.m */ = {isa = PBXFileReference; fileEncoding = 4; lastKnownFileType = sourcecode.c.objc; path = SectionViewController.m; sourceTree = "<group>"; };
		41918A3B18FC97AC00A4616C /* MapViewController.h */ = {isa = PBXFileReference; fileEncoding = 4; lastKnownFileType = sourcecode.c.h; path = MapViewController.h; sourceTree = "<group>"; };
		41918A3C18FC97AC00A4616C /* MapViewController.m */ = {isa = PBXFileReference; fileEncoding = 4; lastKnownFileType = sourcecode.c.objc; path = MapViewController.m; sourceTree = "<group>"; };
		41918A3E18FC97F600A4616C /* MapKit.framework */ = {isa = PBXFileReference; lastKnownFileType = wrapper.framework; name = MapKit.framework; path = System/Library/Frameworks/MapKit.framework; sourceTree = SDKROOT; };
		41918A4018FC984B00A4616C /* PicsAndReviewsViewController.h */ = {isa = PBXFileReference; fileEncoding = 4; lastKnownFileType = sourcecode.c.h; path = PicsAndReviewsViewController.h; sourceTree = "<group>"; };
		41918A4118FC984B00A4616C /* PicsAndReviewsViewController.m */ = {isa = PBXFileReference; fileEncoding = 4; lastKnownFileType = sourcecode.c.objc; path = PicsAndReviewsViewController.m; sourceTree = "<group>"; };
		41918A4318FC9B9700A4616C /* Parse.framework */ = {isa = PBXFileReference; lastKnownFileType = wrapper.framework; path = Parse.framework; sourceTree = "<group>"; };
		41918A4518FC9C1700A4616C /* AudioToolbox.framework */ = {isa = PBXFileReference; lastKnownFileType = wrapper.framework; name = AudioToolbox.framework; path = System/Library/Frameworks/AudioToolbox.framework; sourceTree = SDKROOT; };
		41918A4718FC9C2100A4616C /* CFNetwork.framework */ = {isa = PBXFileReference; lastKnownFileType = wrapper.framework; name = CFNetwork.framework; path = System/Library/Frameworks/CFNetwork.framework; sourceTree = SDKROOT; };
		41918A4918FC9C3100A4616C /* CoreLocation.framework */ = {isa = PBXFileReference; lastKnownFileType = wrapper.framework; name = CoreLocation.framework; path = System/Library/Frameworks/CoreLocation.framework; sourceTree = SDKROOT; };
		41918A4B18FC9C3900A4616C /* libz.dylib */ = {isa = PBXFileReference; lastKnownFileType = "compiled.mach-o.dylib"; name = libz.dylib; path = usr/lib/libz.dylib; sourceTree = SDKROOT; };
		41918A4D18FC9C4300A4616C /* MobileCoreServices.framework */ = {isa = PBXFileReference; lastKnownFileType = wrapper.framework; name = MobileCoreServices.framework; path = System/Library/Frameworks/MobileCoreServices.framework; sourceTree = SDKROOT; };
		41918A4F18FC9C4B00A4616C /* QuartzCore.framework */ = {isa = PBXFileReference; lastKnownFileType = wrapper.framework; name = QuartzCore.framework; path = System/Library/Frameworks/QuartzCore.framework; sourceTree = SDKROOT; };
		41918A5118FC9C5300A4616C /* Security.framework */ = {isa = PBXFileReference; lastKnownFileType = wrapper.framework; name = Security.framework; path = System/Library/Frameworks/Security.framework; sourceTree = SDKROOT; };
		41918A5318FC9C5C00A4616C /* StoreKit.framework */ = {isa = PBXFileReference; lastKnownFileType = wrapper.framework; name = StoreKit.framework; path = System/Library/Frameworks/StoreKit.framework; sourceTree = SDKROOT; };
		41918A5518FC9C6500A4616C /* SystemConfiguration.framework */ = {isa = PBXFileReference; lastKnownFileType = wrapper.framework; name = SystemConfiguration.framework; path = System/Library/Frameworks/SystemConfiguration.framework; sourceTree = SDKROOT; };
		41918A5718FC9C6C00A4616C /* Accounts.framework */ = {isa = PBXFileReference; lastKnownFileType = wrapper.framework; name = Accounts.framework; path = System/Library/Frameworks/Accounts.framework; sourceTree = SDKROOT; };
		41918A5918FC9C7200A4616C /* Twitter.framework */ = {isa = PBXFileReference; lastKnownFileType = wrapper.framework; name = Twitter.framework; path = System/Library/Frameworks/Twitter.framework; sourceTree = SDKROOT; };
		41918A5B18FC9C7800A4616C /* Social.framework */ = {isa = PBXFileReference; lastKnownFileType = wrapper.framework; name = Social.framework; path = System/Library/Frameworks/Social.framework; sourceTree = SDKROOT; };
		41A136B5190308950058AF39 /* Location.h */ = {isa = PBXFileReference; fileEncoding = 4; lastKnownFileType = sourcecode.c.h; path = Location.h; sourceTree = "<group>"; };
		41A136B6190308950058AF39 /* Location.m */ = {isa = PBXFileReference; fileEncoding = 4; lastKnownFileType = sourcecode.c.objc; path = Location.m; sourceTree = "<group>"; };
		41C2BB6C19072442003D1062 /* FacebookSDK.framework */ = {isa = PBXFileReference; lastKnownFileType = wrapper.framework; path = FacebookSDK.framework; sourceTree = "<group>"; };
		41F98E201906B99000B15F9F /* ChoiceViewController.h */ = {isa = PBXFileReference; fileEncoding = 4; lastKnownFileType = sourcecode.c.h; path = ChoiceViewController.h; sourceTree = "<group>"; };
		41F98E211906B99000B15F9F /* ChoiceViewController.m */ = {isa = PBXFileReference; fileEncoding = 4; lastKnownFileType = sourcecode.c.objc; path = ChoiceViewController.m; sourceTree = "<group>"; };
		41F98E261906D2B300B15F9F /* NotesViewController.h */ = {isa = PBXFileReference; fileEncoding = 4; lastKnownFileType = sourcecode.c.h; name = NotesViewController.h; path = ../NotesViewController.h; sourceTree = "<group>"; };
		41F98E271906D2B300B15F9F /* NotesViewController.m */ = {isa = PBXFileReference; fileEncoding = 4; lastKnownFileType = sourcecode.c.objc; name = NotesViewController.m; path = ../NotesViewController.m; sourceTree = "<group>"; };
		6F5B4E8418FDF7F100E495BA /* TemperatureChecker.h */ = {isa = PBXFileReference; fileEncoding = 4; lastKnownFileType = sourcecode.c.h; path = TemperatureChecker.h; sourceTree = "<group>"; };
		6F5B4E8518FDF7F100E495BA /* TemperatureChecker.m */ = {isa = PBXFileReference; fileEncoding = 4; lastKnownFileType = sourcecode.c.objc; path = TemperatureChecker.m; sourceTree = "<group>"; };
		6FFC39EC1905E05A00DB2ECC /* RouteMapViewController.h */ = {isa = PBXFileReference; fileEncoding = 4; lastKnownFileType = sourcecode.c.h; path = RouteMapViewController.h; sourceTree = "<group>"; };
		6FFC39ED1905E05A00DB2ECC /* RouteMapViewController.m */ = {isa = PBXFileReference; fileEncoding = 4; lastKnownFileType = sourcecode.c.objc; path = RouteMapViewController.m; sourceTree = "<group>"; };
		D042717019058E3600796C36 /* ConciergeViewController.h */ = {isa = PBXFileReference; fileEncoding = 4; lastKnownFileType = sourcecode.c.h; path = ConciergeViewController.h; sourceTree = "<group>"; };
		D042717119058E3600796C36 /* ConciergeViewController.m */ = {isa = PBXFileReference; fileEncoding = 4; lastKnownFileType = sourcecode.c.objc; path = ConciergeViewController.m; sourceTree = "<group>"; };
		D06FC61418FCC5260048FEE0 /* Parse.framework */ = {isa = PBXFileReference; lastKnownFileType = wrapper.framework; path = Parse.framework; sourceTree = "<group>"; };
		D06FC61618FD82EC0048FEE0 /* MapPoint.h */ = {isa = PBXFileReference; fileEncoding = 4; lastKnownFileType = sourcecode.c.h; path = MapPoint.h; sourceTree = "<group>"; };
		D06FC61718FD82EC0048FEE0 /* MapPoint.m */ = {isa = PBXFileReference; fileEncoding = 4; lastKnownFileType = sourcecode.c.objc; path = MapPoint.m; sourceTree = "<group>"; };
		D06FC61918FE069B0048FEE0 /* finalproject0415copy */ = {isa = PBXFileReference; fileEncoding = 4; lastKnownFileType = text; name = finalproject0415copy; path = ../../../../Desktop/finalproject0415copy; sourceTree = "<group>"; };
/* End PBXFileReference section */

/* Begin PBXFrameworksBuildPhase section */
		419189FD18FC954100A4616C /* Frameworks */ = {
			isa = PBXFrameworksBuildPhase;
			buildActionMask = 2147483647;
			files = (
				41918A5C18FC9C7800A4616C /* Social.framework in Frameworks */,
				41C2BB6D19072442003D1062 /* FacebookSDK.framework in Frameworks */,
				41918A5A18FC9C7200A4616C /* Twitter.framework in Frameworks */,
				41918A5818FC9C6C00A4616C /* Accounts.framework in Frameworks */,
				41918A5618FC9C6500A4616C /* SystemConfiguration.framework in Frameworks */,
				41918A5418FC9C5C00A4616C /* StoreKit.framework in Frameworks */,
				41918A5218FC9C5300A4616C /* Security.framework in Frameworks */,
				41918A5018FC9C4B00A4616C /* QuartzCore.framework in Frameworks */,
				41918A4E18FC9C4300A4616C /* MobileCoreServices.framework in Frameworks */,
				41918A4C18FC9C3900A4616C /* libz.dylib in Frameworks */,
				41918A4A18FC9C3100A4616C /* CoreLocation.framework in Frameworks */,
				D06FC61518FCC5260048FEE0 /* Parse.framework in Frameworks */,
				41918A0618FC954100A4616C /* CoreGraphics.framework in Frameworks */,
				41918A4818FC9C2100A4616C /* CFNetwork.framework in Frameworks */,
				41918A4618FC9C1700A4616C /* AudioToolbox.framework in Frameworks */,
				41918A3F18FC97F600A4616C /* MapKit.framework in Frameworks */,
				41918A0818FC954100A4616C /* UIKit.framework in Frameworks */,
				41918A0418FC954100A4616C /* Foundation.framework in Frameworks */,
				41918A4418FC9B9700A4616C /* Parse.framework in Frameworks */,
			);
			runOnlyForDeploymentPostprocessing = 0;
		};
		41918A1E18FC954100A4616C /* Frameworks */ = {
			isa = PBXFrameworksBuildPhase;
			buildActionMask = 2147483647;
			files = (
				41918A2318FC954100A4616C /* XCTest.framework in Frameworks */,
				41918A2518FC954100A4616C /* UIKit.framework in Frameworks */,
				41918A2418FC954100A4616C /* Foundation.framework in Frameworks */,
			);
			runOnlyForDeploymentPostprocessing = 0;
		};
/* End PBXFrameworksBuildPhase section */

/* Begin PBXGroup section */
		419189F718FC954100A4616C = {
			isa = PBXGroup;
			children = (
				41918A0918FC954100A4616C /* Trip'InChicago */,
				41918A2818FC954100A4616C /* Trip'InChicagoTests */,
				41918A0218FC954100A4616C /* Frameworks */,
				41918A0118FC954100A4616C /* Products */,
			);
			sourceTree = "<group>";
		};
		41918A0118FC954100A4616C /* Products */ = {
			isa = PBXGroup;
			children = (
				41918A0018FC954100A4616C /* Trip'InChicago.app */,
				41918A2118FC954100A4616C /* Trip'InChicagoTests.xctest */,
			);
			name = Products;
			sourceTree = "<group>";
		};
		41918A0218FC954100A4616C /* Frameworks */ = {
			isa = PBXGroup;
			children = (
				41C2BB6C19072442003D1062 /* FacebookSDK.framework */,
				D06FC61418FCC5260048FEE0 /* Parse.framework */,
				41918A5B18FC9C7800A4616C /* Social.framework */,
				41918A5918FC9C7200A4616C /* Twitter.framework */,
				41918A5718FC9C6C00A4616C /* Accounts.framework */,
				41918A5518FC9C6500A4616C /* SystemConfiguration.framework */,
				41918A5318FC9C5C00A4616C /* StoreKit.framework */,
				41918A5118FC9C5300A4616C /* Security.framework */,
				41918A4F18FC9C4B00A4616C /* QuartzCore.framework */,
				41918A4D18FC9C4300A4616C /* MobileCoreServices.framework */,
				41918A4B18FC9C3900A4616C /* libz.dylib */,
				41918A4918FC9C3100A4616C /* CoreLocation.framework */,
				41918A4718FC9C2100A4616C /* CFNetwork.framework */,
				41918A4518FC9C1700A4616C /* AudioToolbox.framework */,
				41918A4318FC9B9700A4616C /* Parse.framework */,
				41918A3E18FC97F600A4616C /* MapKit.framework */,
				41918A0318FC954100A4616C /* Foundation.framework */,
				41918A0518FC954100A4616C /* CoreGraphics.framework */,
				41918A0718FC954100A4616C /* UIKit.framework */,
				41918A2218FC954100A4616C /* XCTest.framework */,
			);
			name = Frameworks;
			sourceTree = "<group>";
		};
		41918A0918FC954100A4616C /* Trip'InChicago */ = {
			isa = PBXGroup;
			children = (
				41918A1218FC954100A4616C /* AppDelegate.h */,
				41918A1318FC954100A4616C /* AppDelegate.m */,
				41918A1518FC954100A4616C /* Main.storyboard */,
				41F98E1F1906B8DD00B15F9F /* ViewControllers */,
				41A136B5190308950058AF39 /* Location.h */,
				41A136B6190308950058AF39 /* Location.m */,
				D06FC61618FD82EC0048FEE0 /* MapPoint.h */,
				D06FC61718FD82EC0048FEE0 /* MapPoint.m */,
				6F5B4E8418FDF7F100E495BA /* TemperatureChecker.h */,
				6F5B4E8518FDF7F100E495BA /* TemperatureChecker.m */,
				41918A1818FC954100A4616C /* ViewController.h */,
				41918A1918FC954100A4616C /* ViewController.m */,
				41918A1B18FC954100A4616C /* Images.xcassets */,
				41918A0A18FC954100A4616C /* Supporting Files */,
			);
			path = "Trip'InChicago";
			sourceTree = "<group>";
		};
		41918A0A18FC954100A4616C /* Supporting Files */ = {
			isa = PBXGroup;
			children = (
				41918A0B18FC954100A4616C /* Trip'InChicago-Info.plist */,
				41918A0C18FC954100A4616C /* InfoPlist.strings */,
				41918A0F18FC954100A4616C /* main.m */,
				D06FC61918FE069B0048FEE0 /* finalproject0415copy */,
				41918A1118FC954100A4616C /* Trip'InChicago-Prefix.pch */,
			);
			name = "Supporting Files";
			sourceTree = "<group>";
		};
		41918A2818FC954100A4616C /* Trip'InChicagoTests */ = {
			isa = PBXGroup;
			children = (
				41918A2E18FC954100A4616C /* Trip_InChicagoTests.m */,
				41918A2918FC954100A4616C /* Supporting Files */,
			);
			path = "Trip'InChicagoTests";
			sourceTree = "<group>";
		};
		41918A2918FC954100A4616C /* Supporting Files */ = {
			isa = PBXGroup;
			children = (
				41918A2A18FC954100A4616C /* Trip'InChicagoTests-Info.plist */,
				41918A2B18FC954100A4616C /* InfoPlist.strings */,
			);
			name = "Supporting Files";
			sourceTree = "<group>";
		};
		41F98E1F1906B8DD00B15F9F /* ViewControllers */ = {
			isa = PBXGroup;
			children = (
				416909F718FCA0BF007A9A59 /* LoginViewController.h */,
				416909F818FCA0BF007A9A59 /* LoginViewController.m */,
				41F98E201906B99000B15F9F /* ChoiceViewController.h */,
				41F98E211906B99000B15F9F /* ChoiceViewController.m */,
				41918A3818FC96F600A4616C /* SectionViewController.h */,
				41918A3918FC96F600A4616C /* SectionViewController.m */,
				41918A3B18FC97AC00A4616C /* MapViewController.h */,
				41918A3C18FC97AC00A4616C /* MapViewController.m */,
				41918A4018FC984B00A4616C /* PicsAndReviewsViewController.h */,
				41918A4118FC984B00A4616C /* PicsAndReviewsViewController.m */,
				41F98E261906D2B300B15F9F /* NotesViewController.h */,
				41F98E271906D2B300B15F9F /* NotesViewController.m */,
				D042717019058E3600796C36 /* ConciergeViewController.h */,
				D042717119058E3600796C36 /* ConciergeViewController.m */,
				6FFC39ED1905E05A00DB2ECC /* RouteMapViewController.m */,
				6FFC39EC1905E05A00DB2ECC /* RouteMapViewController.h */,
			);
			name = ViewControllers;
			sourceTree = "<group>";
		};
/* End PBXGroup section */

/* Begin PBXNativeTarget section */
		419189FF18FC954100A4616C /* Trip'InChicago */ = {
			isa = PBXNativeTarget;
			buildConfigurationList = 41918A3218FC954100A4616C /* Build configuration list for PBXNativeTarget "Trip'InChicago" */;
			buildPhases = (
				419189FC18FC954100A4616C /* Sources */,
				419189FD18FC954100A4616C /* Frameworks */,
				419189FE18FC954100A4616C /* Resources */,
			);
			buildRules = (
			);
			dependencies = (
			);
			name = "Trip'InChicago";
			productName = "Trip'InChicago";
			productReference = 41918A0018FC954100A4616C /* Trip'InChicago.app */;
			productType = "com.apple.product-type.application";
		};
		41918A2018FC954100A4616C /* Trip'InChicagoTests */ = {
			isa = PBXNativeTarget;
			buildConfigurationList = 41918A3518FC954100A4616C /* Build configuration list for PBXNativeTarget "Trip'InChicagoTests" */;
			buildPhases = (
				41918A1D18FC954100A4616C /* Sources */,
				41918A1E18FC954100A4616C /* Frameworks */,
				41918A1F18FC954100A4616C /* Resources */,
			);
			buildRules = (
			);
			dependencies = (
				41918A2718FC954100A4616C /* PBXTargetDependency */,
			);
			name = "Trip'InChicagoTests";
			productName = "Trip'InChicagoTests";
			productReference = 41918A2118FC954100A4616C /* Trip'InChicagoTests.xctest */;
			productType = "com.apple.product-type.bundle.unit-test";
		};
/* End PBXNativeTarget section */

/* Begin PBXProject section */
		419189F818FC954100A4616C /* Project object */ = {
			isa = PBXProject;
			attributes = {
				LastUpgradeCheck = 0510;
				ORGANIZATIONNAME = "Jian Yao Ang";
				TargetAttributes = {
					41918A2018FC954100A4616C = {
						TestTargetID = 419189FF18FC954100A4616C;
					};
				};
			};
			buildConfigurationList = 419189FB18FC954100A4616C /* Build configuration list for PBXProject "Trip'InChicago" */;
			compatibilityVersion = "Xcode 3.2";
			developmentRegion = English;
			hasScannedForEncodings = 0;
			knownRegions = (
				en,
				Base,
			);
			mainGroup = 419189F718FC954100A4616C;
			productRefGroup = 41918A0118FC954100A4616C /* Products */;
			projectDirPath = "";
			projectRoot = "";
			targets = (
				419189FF18FC954100A4616C /* Trip'InChicago */,
				41918A2018FC954100A4616C /* Trip'InChicagoTests */,
			);
		};
/* End PBXProject section */

/* Begin PBXResourcesBuildPhase section */
		419189FE18FC954100A4616C /* Resources */ = {
			isa = PBXResourcesBuildPhase;
			buildActionMask = 2147483647;
			files = (
				41918A1C18FC954100A4616C /* Images.xcassets in Resources */,
				41918A0E18FC954100A4616C /* InfoPlist.strings in Resources */,
				41918A1718FC954100A4616C /* Main.storyboard in Resources */,
			);
			runOnlyForDeploymentPostprocessing = 0;
		};
		41918A1F18FC954100A4616C /* Resources */ = {
			isa = PBXResourcesBuildPhase;
			buildActionMask = 2147483647;
			files = (
				41918A2D18FC954100A4616C /* InfoPlist.strings in Resources */,
			);
			runOnlyForDeploymentPostprocessing = 0;
		};
/* End PBXResourcesBuildPhase section */

/* Begin PBXSourcesBuildPhase section */
		419189FC18FC954100A4616C /* Sources */ = {
			isa = PBXSourcesBuildPhase;
			buildActionMask = 2147483647;
			files = (
				416909F918FCA0BF007A9A59 /* LoginViewController.m in Sources */,
				41918A1A18FC954100A4616C /* ViewController.m in Sources */,
				41918A4218FC984B00A4616C /* PicsAndReviewsViewController.m in Sources */,
				6FFC39EE1905E05A00DB2ECC /* RouteMapViewController.m in Sources */,
				41918A1418FC954100A4616C /* AppDelegate.m in Sources */,
				41F98E281906D2B300B15F9F /* NotesViewController.m in Sources */,
				41A136B7190308950058AF39 /* Location.m in Sources */,
				41918A3D18FC97AC00A4616C /* MapViewController.m in Sources */,
				D06FC61818FD82EC0048FEE0 /* MapPoint.m in Sources */,
				6F5B4E8618FDF7F100E495BA /* TemperatureChecker.m in Sources */,
				41918A3A18FC96F600A4616C /* SectionViewController.m in Sources */,
				D042717219058E3600796C36 /* ConciergeViewController.m in Sources */,
				41F98E221906B99000B15F9F /* ChoiceViewController.m in Sources */,
				41918A1018FC954100A4616C /* main.m in Sources */,
			);
			runOnlyForDeploymentPostprocessing = 0;
		};
		41918A1D18FC954100A4616C /* Sources */ = {
			isa = PBXSourcesBuildPhase;
			buildActionMask = 2147483647;
			files = (
				41918A2F18FC954100A4616C /* Trip_InChicagoTests.m in Sources */,
			);
			runOnlyForDeploymentPostprocessing = 0;
		};
/* End PBXSourcesBuildPhase section */

/* Begin PBXTargetDependency section */
		41918A2718FC954100A4616C /* PBXTargetDependency */ = {
			isa = PBXTargetDependency;
			target = 419189FF18FC954100A4616C /* Trip'InChicago */;
			targetProxy = 41918A2618FC954100A4616C /* PBXContainerItemProxy */;
		};
/* End PBXTargetDependency section */

/* Begin PBXVariantGroup section */
		41918A0C18FC954100A4616C /* InfoPlist.strings */ = {
			isa = PBXVariantGroup;
			children = (
				41918A0D18FC954100A4616C /* en */,
			);
			name = InfoPlist.strings;
			sourceTree = "<group>";
		};
		41918A1518FC954100A4616C /* Main.storyboard */ = {
			isa = PBXVariantGroup;
			children = (
				41918A1618FC954100A4616C /* Base */,
			);
			name = Main.storyboard;
			sourceTree = "<group>";
		};
		41918A2B18FC954100A4616C /* InfoPlist.strings */ = {
			isa = PBXVariantGroup;
			children = (
				41918A2C18FC954100A4616C /* en */,
			);
			name = InfoPlist.strings;
			sourceTree = "<group>";
		};
/* End PBXVariantGroup section */

/* Begin XCBuildConfiguration section */
		41918A3018FC954100A4616C /* Debug */ = {
			isa = XCBuildConfiguration;
			buildSettings = {
				ALWAYS_SEARCH_USER_PATHS = NO;
				CLANG_CXX_LANGUAGE_STANDARD = "gnu++0x";
				CLANG_CXX_LIBRARY = "libc++";
				CLANG_ENABLE_MODULES = YES;
				CLANG_ENABLE_OBJC_ARC = YES;
				CLANG_WARN_BOOL_CONVERSION = YES;
				CLANG_WARN_CONSTANT_CONVERSION = YES;
				CLANG_WARN_DIRECT_OBJC_ISA_USAGE = YES_ERROR;
				CLANG_WARN_EMPTY_BODY = YES;
				CLANG_WARN_ENUM_CONVERSION = YES;
				CLANG_WARN_INT_CONVERSION = YES;
				CLANG_WARN_OBJC_ROOT_CLASS = YES_ERROR;
				CLANG_WARN__DUPLICATE_METHOD_MATCH = YES;
				"CODE_SIGN_IDENTITY[sdk=iphoneos*]" = "iPhone Developer";
				COPY_PHASE_STRIP = NO;
				GCC_C_LANGUAGE_STANDARD = gnu99;
				GCC_DYNAMIC_NO_PIC = NO;
				GCC_OPTIMIZATION_LEVEL = 0;
				GCC_PREPROCESSOR_DEFINITIONS = (
					"DEBUG=1",
					"$(inherited)",
				);
				GCC_SYMBOLS_PRIVATE_EXTERN = NO;
				GCC_WARN_64_TO_32_BIT_CONVERSION = YES;
				GCC_WARN_ABOUT_RETURN_TYPE = YES_ERROR;
				GCC_WARN_UNDECLARED_SELECTOR = YES;
				GCC_WARN_UNINITIALIZED_AUTOS = YES_AGGRESSIVE;
				GCC_WARN_UNUSED_FUNCTION = YES;
				GCC_WARN_UNUSED_VARIABLE = YES;
				IPHONEOS_DEPLOYMENT_TARGET = 7.1;
				ONLY_ACTIVE_ARCH = YES;
				PROVISIONING_PROFILE = "087043E5-7B1F-4C6B-8D6E-09180400B88A";
				SDKROOT = iphoneos;
			};
			name = Debug;
		};
		41918A3118FC954100A4616C /* Release */ = {
			isa = XCBuildConfiguration;
			buildSettings = {
				ALWAYS_SEARCH_USER_PATHS = NO;
				CLANG_CXX_LANGUAGE_STANDARD = "gnu++0x";
				CLANG_CXX_LIBRARY = "libc++";
				CLANG_ENABLE_MODULES = YES;
				CLANG_ENABLE_OBJC_ARC = YES;
				CLANG_WARN_BOOL_CONVERSION = YES;
				CLANG_WARN_CONSTANT_CONVERSION = YES;
				CLANG_WARN_DIRECT_OBJC_ISA_USAGE = YES_ERROR;
				CLANG_WARN_EMPTY_BODY = YES;
				CLANG_WARN_ENUM_CONVERSION = YES;
				CLANG_WARN_INT_CONVERSION = YES;
				CLANG_WARN_OBJC_ROOT_CLASS = YES_ERROR;
				CLANG_WARN__DUPLICATE_METHOD_MATCH = YES;
				"CODE_SIGN_IDENTITY[sdk=iphoneos*]" = "iPhone Developer";
				COPY_PHASE_STRIP = YES;
				ENABLE_NS_ASSERTIONS = NO;
				GCC_C_LANGUAGE_STANDARD = gnu99;
				GCC_WARN_64_TO_32_BIT_CONVERSION = YES;
				GCC_WARN_ABOUT_RETURN_TYPE = YES_ERROR;
				GCC_WARN_UNDECLARED_SELECTOR = YES;
				GCC_WARN_UNINITIALIZED_AUTOS = YES_AGGRESSIVE;
				GCC_WARN_UNUSED_FUNCTION = YES;
				GCC_WARN_UNUSED_VARIABLE = YES;
				IPHONEOS_DEPLOYMENT_TARGET = 7.1;
				PROVISIONING_PROFILE = "087043E5-7B1F-4C6B-8D6E-09180400B88A";
				SDKROOT = iphoneos;
				VALIDATE_PRODUCT = YES;
			};
			name = Release;
		};
		41918A3318FC954100A4616C /* Debug */ = {
			isa = XCBuildConfiguration;
			buildSettings = {
				ASSETCATALOG_COMPILER_APPICON_NAME = AppIcon;
				ASSETCATALOG_COMPILER_LAUNCHIMAGE_NAME = LaunchImage;
				FRAMEWORK_SEARCH_PATHS = (
					"$(inherited)",
					"$(PROJECT_DIR)",
				);
				GCC_PRECOMPILE_PREFIX_HEADER = YES;
				GCC_PREFIX_HEADER = "Trip'InChicago/Trip'InChicago-Prefix.pch";
				INFOPLIST_FILE = "Trip'InChicago/Trip'InChicago-Info.plist";
				IPHONEOS_DEPLOYMENT_TARGET = 7.0;
				PRODUCT_NAME = "$(TARGET_NAME)";
				PROVISIONING_PROFILE = "087043E5-7B1F-4C6B-8D6E-09180400B88A";
				WRAPPER_EXTENSION = app;
			};
			name = Debug;
		};
		41918A3418FC954100A4616C /* Release */ = {
			isa = XCBuildConfiguration;
			buildSettings = {
				ASSETCATALOG_COMPILER_APPICON_NAME = AppIcon;
				ASSETCATALOG_COMPILER_LAUNCHIMAGE_NAME = LaunchImage;
				FRAMEWORK_SEARCH_PATHS = (
					"$(inherited)",
					"$(PROJECT_DIR)",
				);
				GCC_PRECOMPILE_PREFIX_HEADER = YES;
				GCC_PREFIX_HEADER = "Trip'InChicago/Trip'InChicago-Prefix.pch";
				INFOPLIST_FILE = "Trip'InChicago/Trip'InChicago-Info.plist";
				IPHONEOS_DEPLOYMENT_TARGET = 7.0;
				PRODUCT_NAME = "$(TARGET_NAME)";
				PROVISIONING_PROFILE = "087043E5-7B1F-4C6B-8D6E-09180400B88A";
				WRAPPER_EXTENSION = app;
			};
			name = Release;
		};
		41918A3618FC954100A4616C /* Debug */ = {
			isa = XCBuildConfiguration;
			buildSettings = {
				BUNDLE_LOADER = "$(BUILT_PRODUCTS_DIR)/Trip'InChicago.app/Trip'InChicago";
				FRAMEWORK_SEARCH_PATHS = (
					"$(SDKROOT)/Developer/Library/Frameworks",
					"$(inherited)",
					"$(DEVELOPER_FRAMEWORKS_DIR)",
				);
				GCC_PRECOMPILE_PREFIX_HEADER = YES;
				GCC_PREFIX_HEADER = "Trip'InChicago/Trip'InChicago-Prefix.pch";
				GCC_PREPROCESSOR_DEFINITIONS = (
					"DEBUG=1",
					"$(inherited)",
				);
				INFOPLIST_FILE = "Trip'InChicagoTests/Trip'InChicagoTests-Info.plist";
				PRODUCT_NAME = "$(TARGET_NAME)";
				TEST_HOST = "$(BUNDLE_LOADER)";
				WRAPPER_EXTENSION = xctest;
			};
			name = Debug;
		};
		41918A3718FC954100A4616C /* Release */ = {
			isa = XCBuildConfiguration;
			buildSettings = {
				BUNDLE_LOADER = "$(BUILT_PRODUCTS_DIR)/Trip'InChicago.app/Trip'InChicago";
				FRAMEWORK_SEARCH_PATHS = (
					"$(SDKROOT)/Developer/Library/Frameworks",
					"$(inherited)",
					"$(DEVELOPER_FRAMEWORKS_DIR)",
				);
				GCC_PRECOMPILE_PREFIX_HEADER = YES;
				GCC_PREFIX_HEADER = "Trip'InChicago/Trip'InChicago-Prefix.pch";
				INFOPLIST_FILE = "Trip'InChicagoTests/Trip'InChicagoTests-Info.plist";
				PRODUCT_NAME = "$(TARGET_NAME)";
				TEST_HOST = "$(BUNDLE_LOADER)";
				WRAPPER_EXTENSION = xctest;
			};
			name = Release;
		};
/* End XCBuildConfiguration section */

/* Begin XCConfigurationList section */
		419189FB18FC954100A4616C /* Build configuration list for PBXProject "Trip'InChicago" */ = {
			isa = XCConfigurationList;
			buildConfigurations = (
				41918A3018FC954100A4616C /* Debug */,
				41918A3118FC954100A4616C /* Release */,
			);
			defaultConfigurationIsVisible = 0;
			defaultConfigurationName = Release;
		};
		41918A3218FC954100A4616C /* Build configuration list for PBXNativeTarget "Trip'InChicago" */ = {
			isa = XCConfigurationList;
			buildConfigurations = (
				41918A3318FC954100A4616C /* Debug */,
				41918A3418FC954100A4616C /* Release */,
			);
			defaultConfigurationIsVisible = 0;
			defaultConfigurationName = Release;
		};
		41918A3518FC954100A4616C /* Build configuration list for PBXNativeTarget "Trip'InChicagoTests" */ = {
			isa = XCConfigurationList;
			buildConfigurations = (
				41918A3618FC954100A4616C /* Debug */,
				41918A3718FC954100A4616C /* Release */,
			);
			defaultConfigurationIsVisible = 0;
			defaultConfigurationName = Release;
		};
/* End XCConfigurationList section */
	};
	rootObject = 419189F818FC954100A4616C /* Project object */;
}
